
Microsoft Visual Studio Solution File, Format Version 12.00
# Visual Studio 15
VisualStudioVersion = 15.0.28307.136
MinimumVisualStudioVersion = 10.0.40219.1
Project("{FAE04EC0-301F-11D3-BF4B-00C04F79EFBC}") = "DataImport", "DataImport\DataImport.csproj", "{6D414052-80BA-4796-A3D0-16AE0E274927}"
EndProject
Project("{FAE04EC0-301F-11D3-BF4B-00C04F79EFBC}") = "WipViewer", "WipViewer\WipViewer.csproj", "{DF291A28-A33F-443C-BCC4-2B248F1300B6}"
EndProject
Project("{2150E333-8FDC-42A3-9474-1A3956D46DE8}") = "Solution Items", "Solution Items", "{B1CC10E1-54A7-4B06-8628-ACE93158FB77}"
	ProjectSection(SolutionItems) = preProject
		ICON.ico = ICON.ico
		R:\wipviewer2017\logo.png = R:\wipviewer2017\logo.png
	EndProjectSection
EndProject
Project("{FAE04EC0-301F-11D3-BF4B-00C04F79EFBC}") = "MSProjectRibbon", "MSProjectRibbon\MSProjectRibbon.csproj", "{318611AE-4DFA-4C3D-B818-C223686ECA3F}"
	ProjectSection(ProjectDependencies) = postProject
		{DF291A28-A33F-443C-BCC4-2B248F1300B6} = {DF291A28-A33F-443C-BCC4-2B248F1300B6}
	EndProjectSection
EndProject
Global
	GlobalSection(SolutionConfigurationPlatforms) = preSolution
		Debug|Any CPU = Debug|Any CPU
		Release|Any CPU = Release|Any CPU
	EndGlobalSection
	GlobalSection(ProjectConfigurationPlatforms) = postSolution
		{6D414052-80BA-4796-A3D0-16AE0E274927}.Debug|Any CPU.ActiveCfg = Debug|Any CPU
		{6D414052-80BA-4796-A3D0-16AE0E274927}.Debug|Any CPU.Build.0 = Debug|Any CPU
		{6D414052-80BA-4796-A3D0-16AE0E274927}.Release|Any CPU.ActiveCfg = Release|Any CPU
		{6D414052-80BA-4796-A3D0-16AE0E274927}.Release|Any CPU.Build.0 = Release|Any CPU
		{DF291A28-A33F-443C-BCC4-2B248F1300B6}.Debug|Any CPU.ActiveCfg = Debug|Any CPU
		{DF291A28-A33F-443C-BCC4-2B248F1300B6}.Debug|Any CPU.Build.0 = Debug|Any CPU
		{DF291A28-A33F-443C-BCC4-2B248F1300B6}.Release|Any CPU.ActiveCfg = Release|Any CPU
		{DF291A28-A33F-443C-BCC4-2B248F1300B6}.Release|Any CPU.Build.0 = Release|Any CPU
		{318611AE-4DFA-4C3D-B818-C223686ECA3F}.Debug|Any CPU.ActiveCfg = Debug|Any CPU
		{318611AE-4DFA-4C3D-B818-C223686ECA3F}.Debug|Any CPU.Build.0 = Debug|Any CPU
		{318611AE-4DFA-4C3D-B818-C223686ECA3F}.Release|Any CPU.ActiveCfg = Release|Any CPU
		{318611AE-4DFA-4C3D-B818-C223686ECA3F}.Release|Any CPU.Build.0 = Release|Any CPU
	EndGlobalSection
	GlobalSection(SolutionProperties) = preSolution
		HideSolutionNode = FALSE
	EndGlobalSection
	GlobalSection(ExtensibilityGlobals) = postSolution
		SolutionGuid = {1E98B25E-E59A-48F4-A66D-264A4C0F714E}
	EndGlobalSection
EndGlobal
